{
  "version": 4,
  "terraform_version": "1.3.9",
  "serial": 201,
  "lineage": "974204b4-ade5-c610-97b8-5668c270776b",
  "outputs": {
    "command_url": {
      "value": "cqrs-command-varela.azurewebsites.net",
      "type": "string"
    },
    "query_url": {
      "value": "cqrs-query-varela.azurewebsites.net",
      "type": "string"
    },
    "read_db_id": {
      "value": "/subscriptions/d566fc78-dc22-4e5d-9917-e832b5354249/resourceGroups/cqrs-rg/providers/Microsoft.Sql/servers/read-sql-server",
      "type": "string"
    },
    "read_db_uri": {
      "value": "read-sql-server.database.windows.net",
      "type": "string"
    },
    "write_db_id": {
      "value": "/subscriptions/d566fc78-dc22-4e5d-9917-e832b5354249/resourceGroups/cqrs-rg/providers/Microsoft.Sql/servers/write-sql-server",
      "type": "string"
    },
    "write_db_uri": {
      "value": "write-sql-server.database.windows.net",
      "type": "string"
    }
  },
  "resources": [
    {
      "mode": "managed",
      "type": "azurerm_app_service_plan",
      "name": "command",
      "provider": "provider[\"registry.terraform.io/hashicorp/azurerm\"]",
      "instances": [
        {
          "schema_version": 0,
          "attributes": {
            "app_service_environment_id": "",
            "id": "/subscriptions/d566fc78-dc22-4e5d-9917-e832b5354249/resourceGroups/cqrs-rg/providers/Microsoft.Web/serverfarms/cqrs-command-plan",
            "is_xenon": false,
            "kind": "functionapp",
            "location": "eastus",
            "maximum_elastic_worker_count": 1,
            "maximum_number_of_workers": 0,
            "name": "cqrs-command-plan",
            "per_site_scaling": false,
            "reserved": true,
            "resource_group_name": "cqrs-rg",
            "sku": [
              {
                "capacity": 0,
                "size": "Y1",
                "tier": "Dynamic"
              }
            ],
            "tags": {},
            "timeouts": null,
            "zone_redundant": false
          },
          "sensitive_attributes": [],
          "private": "eyJlMmJmYjczMC1lY2FhLTExZTYtOGY4OC0zNDM2M2JjN2M0YzAiOnsiY3JlYXRlIjozNjAwMDAwMDAwMDAwLCJkZWxldGUiOjM2MDAwMDAwMDAwMDAsInJlYWQiOjMwMDAwMDAwMDAwMCwidXBkYXRlIjozNjAwMDAwMDAwMDAwfX0=",
          "dependencies": [
            "azurerm_resource_group.example"
          ]
        }
      ]
    },
    {
      "mode": "managed",
      "type": "azurerm_app_service_plan",
      "name": "query",
      "provider": "provider[\"registry.terraform.io/hashicorp/azurerm\"]",
      "instances": [
        {
          "schema_version": 0,
          "attributes": {
            "app_service_environment_id": "",
            "id": "/subscriptions/d566fc78-dc22-4e5d-9917-e832b5354249/resourceGroups/cqrs-rg/providers/Microsoft.Web/serverfarms/cqrs-query-plan",
            "is_xenon": false,
            "kind": "functionapp",
            "location": "eastus",
            "maximum_elastic_worker_count": 1,
            "maximum_number_of_workers": 0,
            "name": "cqrs-query-plan",
            "per_site_scaling": false,
            "reserved": true,
            "resource_group_name": "cqrs-rg",
            "sku": [
              {
                "capacity": 0,
                "size": "Y1",
                "tier": "Dynamic"
              }
            ],
            "tags": {},
            "timeouts": null,
            "zone_redundant": false
          },
          "sensitive_attributes": [],
          "private": "eyJlMmJmYjczMC1lY2FhLTExZTYtOGY4OC0zNDM2M2JjN2M0YzAiOnsiY3JlYXRlIjozNjAwMDAwMDAwMDAwLCJkZWxldGUiOjM2MDAwMDAwMDAwMDAsInJlYWQiOjMwMDAwMDAwMDAwMCwidXBkYXRlIjozNjAwMDAwMDAwMDAwfX0=",
          "dependencies": [
            "azurerm_resource_group.example"
          ]
        }
      ]
    },
    {
      "mode": "managed",
      "type": "azurerm_application_insights",
      "name": "command_insights",
      "provider": "provider[\"registry.terraform.io/hashicorp/azurerm\"]",
      "instances": [
        {
          "schema_version": 1,
          "attributes": {
            "app_id": "367af2f8-ddd2-462c-9dc9-1d2d8d14e374",
            "application_type": "Node.JS",
            "connection_string": "InstrumentationKey=23216ee6-a85a-40c6-b942-0f25fd848527;IngestionEndpoint=https://eastus-5.in.applicationinsights.azure.com/;LiveEndpoint=https://eastus.livediagnostics.monitor.azure.com/",
            "daily_data_cap_in_gb": 100,
            "daily_data_cap_notifications_disabled": false,
            "disable_ip_masking": false,
            "force_customer_storage_for_profiler": false,
            "id": "/subscriptions/d566fc78-dc22-4e5d-9917-e832b5354249/resourceGroups/cqrs-rg/providers/Microsoft.Insights/components/cqrs-command-insights",
            "instrumentation_key": "23216ee6-a85a-40c6-b942-0f25fd848527",
            "internet_ingestion_enabled": true,
            "internet_query_enabled": true,
            "local_authentication_disabled": false,
            "location": "eastus",
            "name": "cqrs-command-insights",
            "resource_group_name": "cqrs-rg",
            "retention_in_days": 90,
            "sampling_percentage": 100,
            "tags": {},
            "timeouts": null,
            "workspace_id": ""
          },
          "sensitive_attributes": [],
          "private": "eyJlMmJmYjczMC1lY2FhLTExZTYtOGY4OC0zNDM2M2JjN2M0YzAiOnsiY3JlYXRlIjozNjAwMDAwMDAwMDAwLCJkZWxldGUiOjE4MDAwMDAwMDAwMDAsInJlYWQiOjMwMDAwMDAwMDAwMCwidXBkYXRlIjoxODAwMDAwMDAwMDAwfSwic2NoZW1hX3ZlcnNpb24iOiIxIn0=",
          "dependencies": [
            "azurerm_resource_group.example"
          ]
        }
      ]
    },
    {
      "mode": "managed",
      "type": "azurerm_application_insights",
      "name": "query_insights",
      "provider": "provider[\"registry.terraform.io/hashicorp/azurerm\"]",
      "instances": [
        {
          "schema_version": 1,
          "attributes": {
            "app_id": "a8aa84d4-88b9-4b59-88b9-9205534c992c",
            "application_type": "Node.JS",
            "connection_string": "InstrumentationKey=0a42d90c-6cbe-4fb6-95cb-bcf664b7d9ab;IngestionEndpoint=https://eastus-0.in.applicationinsights.azure.com/;LiveEndpoint=https://eastus.livediagnostics.monitor.azure.com/",
            "daily_data_cap_in_gb": 100,
            "daily_data_cap_notifications_disabled": false,
            "disable_ip_masking": false,
            "force_customer_storage_for_profiler": false,
            "id": "/subscriptions/d566fc78-dc22-4e5d-9917-e832b5354249/resourceGroups/cqrs-rg/providers/Microsoft.Insights/components/cqrs-query-insights",
            "instrumentation_key": "0a42d90c-6cbe-4fb6-95cb-bcf664b7d9ab",
            "internet_ingestion_enabled": true,
            "internet_query_enabled": true,
            "local_authentication_disabled": false,
            "location": "eastus",
            "name": "cqrs-query-insights",
            "resource_group_name": "cqrs-rg",
            "retention_in_days": 90,
            "sampling_percentage": 100,
            "tags": {},
            "timeouts": null,
            "workspace_id": ""
          },
          "sensitive_attributes": [],
          "private": "eyJlMmJmYjczMC1lY2FhLTExZTYtOGY4OC0zNDM2M2JjN2M0YzAiOnsiY3JlYXRlIjozNjAwMDAwMDAwMDAwLCJkZWxldGUiOjE4MDAwMDAwMDAwMDAsInJlYWQiOjMwMDAwMDAwMDAwMCwidXBkYXRlIjoxODAwMDAwMDAwMDAwfSwic2NoZW1hX3ZlcnNpb24iOiIxIn0=",
          "dependencies": [
            "azurerm_resource_group.example"
          ]
        }
      ]
    },
    {
      "mode": "managed",
      "type": "azurerm_function_app",
      "name": "command",
      "provider": "provider[\"registry.terraform.io/hashicorp/azurerm\"]",
      "instances": [
        {
          "schema_version": 0,
          "attributes": {
            "app_service_plan_id": "/subscriptions/d566fc78-dc22-4e5d-9917-e832b5354249/resourceGroups/cqrs-rg/providers/Microsoft.Web/serverfarms/cqrs-command-plan",
            "app_settings": {
              "APPINSIGHTS_INSTRUMENTATIONKEY": "23216ee6-a85a-40c6-b942-0f25fd848527",
              "DB_DATABASE": "write-database",
              "DB_PASSWORD": "H@Sh1CoR3!",
              "DB_SERVER": "write-sql-server.database.windows.net",
              "DB_USER": "sqladminuser",
              "FUNCTIONS_WORKER_RUNTIME": "node",
              "WEBSITE_RUN_FROM_PACKAGE": "https://cqrscommandstorage.blob.core.windows.net/function-releases/20230226022649-f66b53f3-e888-4f2f-adf0-77d259189228.zip?sv=2018-03-28\u0026sr=b\u0026sig=ySJhWXOV6TKHOv%2FZRs1XEfHrYygqw6ARRd4rKXoIHiI%3D\u0026st=2023-02-26T02%3A22%3A04Z\u0026se=2033-02-26T02%3A27%3A04Z\u0026sp=r"
            },
            "auth_settings": [
              {
                "active_directory": [],
                "additional_login_params": {},
                "allowed_external_redirect_urls": [],
                "default_provider": "",
                "enabled": false,
                "facebook": [],
                "google": [],
                "issuer": "",
                "microsoft": [],
                "runtime_version": "",
                "token_refresh_extension_hours": 0,
                "token_store_enabled": false,
                "twitter": [],
                "unauthenticated_client_action": ""
              }
            ],
            "client_cert_mode": "",
            "connection_string": [],
            "custom_domain_verification_id": "12C72BFD56BF45F84BCF961FF16C51D18151564E0F2A031F44011B4D6A86026D",
            "daily_memory_time_quota": 0,
            "default_hostname": "cqrs-command-varela.azurewebsites.net",
            "enable_builtin_logging": true,
            "enabled": true,
            "https_only": false,
            "id": "/subscriptions/d566fc78-dc22-4e5d-9917-e832b5354249/resourceGroups/cqrs-rg/providers/Microsoft.Web/sites/cqrs-command-varela",
            "identity": [],
            "key_vault_reference_identity_id": "SystemAssigned",
            "kind": "functionapp,linux",
            "location": "eastus",
            "name": "cqrs-command-varela",
            "os_type": "linux",
            "outbound_ip_addresses": "40.71.11.169,52.149.164.134,52.149.167.42,52.149.163.152,13.68.189.194",
            "possible_outbound_ip_addresses": "40.71.11.169,52.149.164.134,52.149.167.42,52.149.163.152,13.68.189.194,52.149.163.31,52.249.181.120,20.185.227.47,52.249.182.121,52.188.146.150",
            "resource_group_name": "cqrs-rg",
            "site_config": [
              {
                "always_on": false,
                "app_scale_limit": 0,
                "auto_swap_slot_name": "",
                "cors": [
                  {
                    "allowed_origins": [],
                    "support_credentials": false
                  }
                ],
                "dotnet_framework_version": "v4.0",
                "elastic_instance_minimum": 0,
                "ftps_state": "AllAllowed",
                "health_check_path": "",
                "http2_enabled": false,
                "ip_restriction": [],
                "java_version": "",
                "linux_fx_version": "node|16",
                "min_tls_version": "1.2",
                "pre_warmed_instance_count": 0,
                "runtime_scale_monitoring_enabled": false,
                "scm_ip_restriction": [],
                "scm_type": "None",
                "scm_use_main_ip_restriction": false,
                "use_32_bit_worker_process": false,
                "vnet_route_all_enabled": false,
                "websockets_enabled": false
              }
            ],
            "site_credential": [
              {
                "password": "rDoD0oMYDt394oqbE3Grl3qDehfWrbMRGK4lMn2jkYbaSKlMSwX4H8FBzKwW",
                "username": "$cqrs-command-varela"
              }
            ],
            "source_control": [
              {
                "branch": "main",
                "manual_integration": false,
                "repo_url": "",
                "rollback_enabled": false,
                "use_mercurial": false
              }
            ],
            "storage_account_access_key": "IQzSQBq6s2J2JiY6J4gVZgtfCp2f2aRaVFsWQ35BhCKfKJWBd7PkAHbp2KB6yxLkfpf+C1eoriKO+AStAK+vmQ==",
            "storage_account_name": "cqrscommandstorage",
            "tags": {},
            "timeouts": null,
            "version": "~4"
          },
          "sensitive_attributes": [
            [
              {
                "type": "get_attr",
                "value": "storage_account_access_key"
              }
            ],
            [
              {
                "type": "get_attr",
                "value": "app_settings"
              },
              {
                "type": "index",
                "value": {
                  "value": "APPINSIGHTS_INSTRUMENTATIONKEY",
                  "type": "string"
                }
              }
            ]
          ],
          "private": "eyJlMmJmYjczMC1lY2FhLTExZTYtOGY4OC0zNDM2M2JjN2M0YzAiOnsiY3JlYXRlIjoxODAwMDAwMDAwMDAwLCJkZWxldGUiOjE4MDAwMDAwMDAwMDAsInJlYWQiOjMwMDAwMDAwMDAwMCwidXBkYXRlIjoxODAwMDAwMDAwMDAwfX0=",
          "dependencies": [
            "azurerm_app_service_plan.command",
            "azurerm_application_insights.command_insights",
            "azurerm_resource_group.example",
            "azurerm_sql_database.people",
            "azurerm_sql_server.write",
            "azurerm_storage_account.command"
          ]
        }
      ]
    },
    {
      "mode": "managed",
      "type": "azurerm_function_app",
      "name": "query",
      "provider": "provider[\"registry.terraform.io/hashicorp/azurerm\"]",
      "instances": [
        {
          "schema_version": 0,
          "attributes": {
            "app_service_plan_id": "/subscriptions/d566fc78-dc22-4e5d-9917-e832b5354249/resourceGroups/cqrs-rg/providers/Microsoft.Web/serverfarms/cqrs-query-plan",
            "app_settings": {
              "APPINSIGHTS_INSTRUMENTATIONKEY": "0a42d90c-6cbe-4fb6-95cb-bcf664b7d9ab",
              "DB_DATABASE": "read-database",
              "DB_PASSWORD": "H@Sh1CoR3!",
              "DB_SERVER": "read-sql-server.database.windows.net",
              "DB_USER": "sqladminuser",
              "FUNCTIONS_WORKER_RUNTIME": "node",
              "WEBSITE_RUN_FROM_PACKAGE": "https://cqryquerystorage.blob.core.windows.net/function-releases/20230226022610-0f717ce6-231c-44cd-abaa-5eca369860a2.zip?sv=2018-03-28\u0026sr=b\u0026sig=SICQXRLnpheMhbMw5ccf0SmGn7RdSq9zthrlYN9HO%2FU%3D\u0026st=2023-02-26T02%3A21%3A27Z\u0026se=2033-02-26T02%3A26%3A27Z\u0026sp=r"
            },
            "auth_settings": [
              {
                "active_directory": [],
                "additional_login_params": {},
                "allowed_external_redirect_urls": [],
                "default_provider": "",
                "enabled": false,
                "facebook": [],
                "google": [],
                "issuer": "",
                "microsoft": [],
                "runtime_version": "",
                "token_refresh_extension_hours": 0,
                "token_store_enabled": false,
                "twitter": [],
                "unauthenticated_client_action": ""
              }
            ],
            "client_cert_mode": "",
            "connection_string": [],
            "custom_domain_verification_id": "12C72BFD56BF45F84BCF961FF16C51D18151564E0F2A031F44011B4D6A86026D",
            "daily_memory_time_quota": 0,
            "default_hostname": "cqrs-query-varela.azurewebsites.net",
            "enable_builtin_logging": true,
            "enabled": true,
            "https_only": false,
            "id": "/subscriptions/d566fc78-dc22-4e5d-9917-e832b5354249/resourceGroups/cqrs-rg/providers/Microsoft.Web/sites/cqrs-query-varela",
            "identity": [],
            "key_vault_reference_identity_id": "SystemAssigned",
            "kind": "functionapp,linux",
            "location": "eastus",
            "name": "cqrs-query-varela",
            "os_type": "linux",
            "outbound_ip_addresses": "40.71.11.169,52.149.164.134,52.149.167.42,52.149.163.152,13.68.189.194",
            "possible_outbound_ip_addresses": "40.71.11.169,52.149.164.134,52.149.167.42,52.149.163.152,13.68.189.194,52.149.163.31,52.249.181.120,20.185.227.47,52.249.182.121,52.188.146.150",
            "resource_group_name": "cqrs-rg",
            "site_config": [
              {
                "always_on": false,
                "app_scale_limit": 0,
                "auto_swap_slot_name": "",
                "cors": [
                  {
                    "allowed_origins": [],
                    "support_credentials": false
                  }
                ],
                "dotnet_framework_version": "v4.0",
                "elastic_instance_minimum": 0,
                "ftps_state": "AllAllowed",
                "health_check_path": "",
                "http2_enabled": false,
                "ip_restriction": [],
                "java_version": "",
                "linux_fx_version": "node|16",
                "min_tls_version": "1.2",
                "pre_warmed_instance_count": 0,
                "runtime_scale_monitoring_enabled": false,
                "scm_ip_restriction": [],
                "scm_type": "None",
                "scm_use_main_ip_restriction": false,
                "use_32_bit_worker_process": false,
                "vnet_route_all_enabled": false,
                "websockets_enabled": false
              }
            ],
            "site_credential": [
              {
                "password": "sRrAa8TDKEihWsw6macleayxQsNblrmXh7zE5ZuWRSjXynnp576f3QwXjYWZ",
                "username": "$cqrs-query-varela"
              }
            ],
            "source_control": [
              {
                "branch": "main",
                "manual_integration": false,
                "repo_url": "",
                "rollback_enabled": false,
                "use_mercurial": false
              }
            ],
            "storage_account_access_key": "YiMKfT73TDGco7RIrgpCgIzPw/bGDrcpdaYEnX2aNPVvSoLccCpin7KxpHppVgn7JewwMu0sid30+ASt9a7LCg==",
            "storage_account_name": "cqryquerystorage",
            "tags": {},
            "timeouts": null,
            "version": "~4"
          },
          "sensitive_attributes": [
            [
              {
                "type": "get_attr",
                "value": "app_settings"
              },
              {
                "type": "index",
                "value": {
                  "value": "APPINSIGHTS_INSTRUMENTATIONKEY",
                  "type": "string"
                }
              }
            ],
            [
              {
                "type": "get_attr",
                "value": "storage_account_access_key"
              }
            ]
          ],
          "private": "eyJlMmJmYjczMC1lY2FhLTExZTYtOGY4OC0zNDM2M2JjN2M0YzAiOnsiY3JlYXRlIjoxODAwMDAwMDAwMDAwLCJkZWxldGUiOjE4MDAwMDAwMDAwMDAsInJlYWQiOjMwMDAwMDAwMDAwMCwidXBkYXRlIjoxODAwMDAwMDAwMDAwfX0=",
          "dependencies": [
            "azurerm_app_service_plan.query",
            "azurerm_application_insights.query_insights",
            "azurerm_resource_group.example",
            "azurerm_sql_database.queries",
            "azurerm_sql_server.read",
            "azurerm_storage_account.query"
          ]
        }
      ]
    },
    {
      "mode": "managed",
      "type": "azurerm_resource_group",
      "name": "example",
      "provider": "provider[\"registry.terraform.io/hashicorp/azurerm\"]",
      "instances": [
        {
          "schema_version": 0,
          "attributes": {
            "id": "/subscriptions/d566fc78-dc22-4e5d-9917-e832b5354249/resourceGroups/cqrs-rg",
            "location": "eastus",
            "name": "cqrs-rg",
            "tags": {},
            "timeouts": null
          },
          "sensitive_attributes": [],
          "private": "eyJlMmJmYjczMC1lY2FhLTExZTYtOGY4OC0zNDM2M2JjN2M0YzAiOnsiY3JlYXRlIjo1NDAwMDAwMDAwMDAwLCJkZWxldGUiOjU0MDAwMDAwMDAwMDAsInJlYWQiOjMwMDAwMDAwMDAwMCwidXBkYXRlIjo1NDAwMDAwMDAwMDAwfX0="
        }
      ]
    },
    {
      "mode": "managed",
      "type": "azurerm_sql_database",
      "name": "people",
      "provider": "provider[\"registry.terraform.io/hashicorp/azurerm\"]",
      "instances": [
        {
          "schema_version": 0,
          "attributes": {
            "collation": "SQL_Latin1_General_CP1_CI_AS",
            "create_mode": "Default",
            "creation_date": "2023-02-26T02:35:40.363Z",
            "default_secondary_location": "West US",
            "edition": "GeneralPurpose",
            "elastic_pool_name": "",
            "encryption": "",
            "id": "/subscriptions/d566fc78-dc22-4e5d-9917-e832b5354249/resourceGroups/cqrs-rg/providers/Microsoft.Sql/servers/write-sql-server/databases/write-database",
            "import": [],
            "location": "eastus",
            "max_size_bytes": "34359738368",
            "max_size_gb": null,
            "name": "write-database",
            "read_scale": false,
            "requested_service_objective_id": "f21733ad-9b9b-4d4e-a4fa-94a133c41718",
            "requested_service_objective_name": "GP_Gen5_2",
            "resource_group_name": "cqrs-rg",
            "restore_point_in_time": null,
            "server_name": "write-sql-server",
            "source_database_deletion_date": null,
            "source_database_id": null,
            "tags": null,
            "threat_detection_policy": [
              {
                "disabled_alerts": [],
                "email_account_admins": "Disabled",
                "email_addresses": [],
                "retention_days": 0,
                "state": "Disabled",
                "storage_account_access_key": "",
                "storage_endpoint": ""
              }
            ],
            "timeouts": null,
            "zone_redundant": false
          },
          "sensitive_attributes": [],
          "private": "eyJlMmJmYjczMC1lY2FhLTExZTYtOGY4OC0zNDM2M2JjN2M0YzAiOnsiY3JlYXRlIjozNjAwMDAwMDAwMDAwLCJkZWxldGUiOjM2MDAwMDAwMDAwMDAsInJlYWQiOjMwMDAwMDAwMDAwMCwidXBkYXRlIjozNjAwMDAwMDAwMDAwfX0=",
          "dependencies": [
            "azurerm_resource_group.example",
            "azurerm_sql_server.write"
          ]
        }
      ]
    },
    {
      "mode": "managed",
      "type": "azurerm_sql_database",
      "name": "queries",
      "provider": "provider[\"registry.terraform.io/hashicorp/azurerm\"]",
      "instances": [
        {
          "schema_version": 0,
          "attributes": {
            "collation": "SQL_Latin1_General_CP1_CI_AS",
            "create_mode": "Default",
            "creation_date": "2023-02-26T02:35:57.83Z",
            "default_secondary_location": "West US",
            "edition": "GeneralPurpose",
            "elastic_pool_name": "",
            "encryption": "",
            "id": "/subscriptions/d566fc78-dc22-4e5d-9917-e832b5354249/resourceGroups/cqrs-rg/providers/Microsoft.Sql/servers/read-sql-server/databases/read-database",
            "import": [],
            "location": "eastus",
            "max_size_bytes": "34359738368",
            "max_size_gb": null,
            "name": "read-database",
            "read_scale": false,
            "requested_service_objective_id": "f21733ad-9b9b-4d4e-a4fa-94a133c41718",
            "requested_service_objective_name": "GP_Gen5_2",
            "resource_group_name": "cqrs-rg",
            "restore_point_in_time": null,
            "server_name": "read-sql-server",
            "source_database_deletion_date": null,
            "source_database_id": null,
            "tags": null,
            "threat_detection_policy": [
              {
                "disabled_alerts": [],
                "email_account_admins": "Disabled",
                "email_addresses": [],
                "retention_days": 0,
                "state": "Disabled",
                "storage_account_access_key": "",
                "storage_endpoint": ""
              }
            ],
            "timeouts": null,
            "zone_redundant": false
          },
          "sensitive_attributes": [],
          "private": "eyJlMmJmYjczMC1lY2FhLTExZTYtOGY4OC0zNDM2M2JjN2M0YzAiOnsiY3JlYXRlIjozNjAwMDAwMDAwMDAwLCJkZWxldGUiOjM2MDAwMDAwMDAwMDAsInJlYWQiOjMwMDAwMDAwMDAwMCwidXBkYXRlIjozNjAwMDAwMDAwMDAwfX0=",
          "dependencies": [
            "azurerm_resource_group.example",
            "azurerm_sql_server.read"
          ]
        }
      ]
    },
    {
      "mode": "managed",
      "type": "azurerm_sql_firewall_rule",
      "name": "read",
      "provider": "provider[\"registry.terraform.io/hashicorp/azurerm\"]",
      "instances": [
        {
          "schema_version": 0,
          "attributes": {
            "end_ip_address": "0.0.0.0",
            "id": "/subscriptions/d566fc78-dc22-4e5d-9917-e832b5354249/resourceGroups/cqrs-rg/providers/Microsoft.Sql/servers/read-sql-server/firewallRules/AllowAllWindowsAzureIps",
            "name": "AllowAllWindowsAzureIps",
            "resource_group_name": "cqrs-rg",
            "server_name": "read-sql-server",
            "start_ip_address": "0.0.0.0",
            "timeouts": null
          },
          "sensitive_attributes": [],
          "private": "eyJlMmJmYjczMC1lY2FhLTExZTYtOGY4OC0zNDM2M2JjN2M0YzAiOnsiY3JlYXRlIjoxODAwMDAwMDAwMDAwLCJkZWxldGUiOjE4MDAwMDAwMDAwMDAsInJlYWQiOjMwMDAwMDAwMDAwMCwidXBkYXRlIjoxODAwMDAwMDAwMDAwfX0=",
          "dependencies": [
            "azurerm_resource_group.example",
            "azurerm_sql_server.read"
          ]
        }
      ]
    },
    {
      "mode": "managed",
      "type": "azurerm_sql_firewall_rule",
      "name": "write",
      "provider": "provider[\"registry.terraform.io/hashicorp/azurerm\"]",
      "instances": [
        {
          "schema_version": 0,
          "attributes": {
            "end_ip_address": "0.0.0.0",
            "id": "/subscriptions/d566fc78-dc22-4e5d-9917-e832b5354249/resourceGroups/cqrs-rg/providers/Microsoft.Sql/servers/write-sql-server/firewallRules/AllowAllWindowsAzureIps",
            "name": "AllowAllWindowsAzureIps",
            "resource_group_name": "cqrs-rg",
            "server_name": "write-sql-server",
            "start_ip_address": "0.0.0.0",
            "timeouts": null
          },
          "sensitive_attributes": [],
          "private": "eyJlMmJmYjczMC1lY2FhLTExZTYtOGY4OC0zNDM2M2JjN2M0YzAiOnsiY3JlYXRlIjoxODAwMDAwMDAwMDAwLCJkZWxldGUiOjE4MDAwMDAwMDAwMDAsInJlYWQiOjMwMDAwMDAwMDAwMCwidXBkYXRlIjoxODAwMDAwMDAwMDAwfX0=",
          "dependencies": [
            "azurerm_resource_group.example",
            "azurerm_sql_server.write"
          ]
        }
      ]
    },
    {
      "mode": "managed",
      "type": "azurerm_sql_server",
      "name": "read",
      "provider": "provider[\"registry.terraform.io/hashicorp/azurerm\"]",
      "instances": [
        {
          "schema_version": 0,
          "attributes": {
            "administrator_login": "sqladminuser",
            "administrator_login_password": "H@Sh1CoR3!",
            "connection_policy": "Default",
            "fully_qualified_domain_name": "read-sql-server.database.windows.net",
            "id": "/subscriptions/d566fc78-dc22-4e5d-9917-e832b5354249/resourceGroups/cqrs-rg/providers/Microsoft.Sql/servers/read-sql-server",
            "identity": [],
            "location": "eastus",
            "name": "read-sql-server",
            "resource_group_name": "cqrs-rg",
            "tags": null,
            "threat_detection_policy": [
              {
                "disabled_alerts": [
                  ""
                ],
                "email_account_admins": false,
                "email_addresses": [
                  ""
                ],
                "retention_days": 0,
                "state": "Disabled",
                "storage_account_access_key": "",
                "storage_endpoint": ""
              }
            ],
            "timeouts": null,
            "version": "12.0"
          },
          "sensitive_attributes": [],
          "private": "eyJlMmJmYjczMC1lY2FhLTExZTYtOGY4OC0zNDM2M2JjN2M0YzAiOnsiY3JlYXRlIjozNjAwMDAwMDAwMDAwLCJkZWxldGUiOjM2MDAwMDAwMDAwMDAsInJlYWQiOjMwMDAwMDAwMDAwMCwidXBkYXRlIjozNjAwMDAwMDAwMDAwfX0=",
          "dependencies": [
            "azurerm_resource_group.example"
          ]
        }
      ]
    },
    {
      "mode": "managed",
      "type": "azurerm_sql_server",
      "name": "write",
      "provider": "provider[\"registry.terraform.io/hashicorp/azurerm\"]",
      "instances": [
        {
          "schema_version": 0,
          "attributes": {
            "administrator_login": "sqladminuser",
            "administrator_login_password": "H@Sh1CoR3!",
            "connection_policy": "Default",
            "fully_qualified_domain_name": "write-sql-server.database.windows.net",
            "id": "/subscriptions/d566fc78-dc22-4e5d-9917-e832b5354249/resourceGroups/cqrs-rg/providers/Microsoft.Sql/servers/write-sql-server",
            "identity": [],
            "location": "eastus",
            "name": "write-sql-server",
            "resource_group_name": "cqrs-rg",
            "tags": null,
            "threat_detection_policy": [
              {
                "disabled_alerts": [
                  ""
                ],
                "email_account_admins": false,
                "email_addresses": [
                  ""
                ],
                "retention_days": 0,
                "state": "Disabled",
                "storage_account_access_key": "",
                "storage_endpoint": ""
              }
            ],
            "timeouts": null,
            "version": "12.0"
          },
          "sensitive_attributes": [],
          "private": "eyJlMmJmYjczMC1lY2FhLTExZTYtOGY4OC0zNDM2M2JjN2M0YzAiOnsiY3JlYXRlIjozNjAwMDAwMDAwMDAwLCJkZWxldGUiOjM2MDAwMDAwMDAwMDAsInJlYWQiOjMwMDAwMDAwMDAwMCwidXBkYXRlIjozNjAwMDAwMDAwMDAwfX0=",
          "dependencies": [
            "azurerm_resource_group.example"
          ]
        }
      ]
    },
    {
      "mode": "managed",
      "type": "azurerm_storage_account",
      "name": "command",
      "provider": "provider[\"registry.terraform.io/hashicorp/azurerm\"]",
      "instances": [
        {
          "schema_version": 3,
          "attributes": {
            "access_tier": "Hot",
            "account_kind": "StorageV2",
            "account_replication_type": "LRS",
            "account_tier": "Standard",
            "allow_nested_items_to_be_public": true,
            "allowed_copy_scope": "",
            "azure_files_authentication": [],
            "blob_properties": [
              {
                "change_feed_enabled": false,
                "change_feed_retention_in_days": 0,
                "container_delete_retention_policy": [],
                "cors_rule": [],
                "default_service_version": "",
                "delete_retention_policy": [],
                "last_access_time_enabled": false,
                "restore_policy": [],
                "versioning_enabled": false
              }
            ],
            "cross_tenant_replication_enabled": true,
            "custom_domain": [],
            "customer_managed_key": [],
            "default_to_oauth_authentication": false,
            "edge_zone": "",
            "enable_https_traffic_only": true,
            "id": "/subscriptions/d566fc78-dc22-4e5d-9917-e832b5354249/resourceGroups/cqrs-rg/providers/Microsoft.Storage/storageAccounts/cqrscommandstorage",
            "identity": [],
            "immutability_policy": [],
            "infrastructure_encryption_enabled": false,
            "is_hns_enabled": false,
            "large_file_share_enabled": null,
            "location": "eastus",
            "min_tls_version": "TLS1_2",
            "name": "cqrscommandstorage",
            "network_rules": [
              {
                "bypass": [
                  "AzureServices"
                ],
                "default_action": "Allow",
                "ip_rules": [],
                "private_link_access": [],
                "virtual_network_subnet_ids": []
              }
            ],
            "nfsv3_enabled": false,
            "primary_access_key": "IQzSQBq6s2J2JiY6J4gVZgtfCp2f2aRaVFsWQ35BhCKfKJWBd7PkAHbp2KB6yxLkfpf+C1eoriKO+AStAK+vmQ==",
            "primary_blob_connection_string": "DefaultEndpointsProtocol=https;BlobEndpoint=https://cqrscommandstorage.blob.core.windows.net/;AccountName=cqrscommandstorage;AccountKey=IQzSQBq6s2J2JiY6J4gVZgtfCp2f2aRaVFsWQ35BhCKfKJWBd7PkAHbp2KB6yxLkfpf+C1eoriKO+AStAK+vmQ==",
            "primary_blob_endpoint": "https://cqrscommandstorage.blob.core.windows.net/",
            "primary_blob_host": "cqrscommandstorage.blob.core.windows.net",
            "primary_connection_string": "DefaultEndpointsProtocol=https;AccountName=cqrscommandstorage;AccountKey=IQzSQBq6s2J2JiY6J4gVZgtfCp2f2aRaVFsWQ35BhCKfKJWBd7PkAHbp2KB6yxLkfpf+C1eoriKO+AStAK+vmQ==;EndpointSuffix=core.windows.net",
            "primary_dfs_endpoint": "https://cqrscommandstorage.dfs.core.windows.net/",
            "primary_dfs_host": "cqrscommandstorage.dfs.core.windows.net",
            "primary_file_endpoint": "https://cqrscommandstorage.file.core.windows.net/",
            "primary_file_host": "cqrscommandstorage.file.core.windows.net",
            "primary_location": "eastus",
            "primary_queue_endpoint": "https://cqrscommandstorage.queue.core.windows.net/",
            "primary_queue_host": "cqrscommandstorage.queue.core.windows.net",
            "primary_table_endpoint": "https://cqrscommandstorage.table.core.windows.net/",
            "primary_table_host": "cqrscommandstorage.table.core.windows.net",
            "primary_web_endpoint": "https://cqrscommandstorage.z13.web.core.windows.net/",
            "primary_web_host": "cqrscommandstorage.z13.web.core.windows.net",
            "public_network_access_enabled": true,
            "queue_encryption_key_type": "Service",
            "queue_properties": [
              {
                "cors_rule": [],
                "hour_metrics": [
                  {
                    "enabled": true,
                    "include_apis": true,
                    "retention_policy_days": 7,
                    "version": "1.0"
                  }
                ],
                "logging": [
                  {
                    "delete": false,
                    "read": false,
                    "retention_policy_days": 0,
                    "version": "1.0",
                    "write": false
                  }
                ],
                "minute_metrics": [
                  {
                    "enabled": false,
                    "include_apis": false,
                    "retention_policy_days": 0,
                    "version": "1.0"
                  }
                ]
              }
            ],
            "resource_group_name": "cqrs-rg",
            "routing": [],
            "sas_policy": [],
            "secondary_access_key": "ZI1TMeKAbH/Qzt7jasn9inRBvWYy5hItrNChWpPJGlHakJqV0ZsE5NCOR9ziDk6JKIsk0NqpVISh+AStrFTj4A==",
            "secondary_blob_connection_string": "",
            "secondary_blob_endpoint": null,
            "secondary_blob_host": null,
            "secondary_connection_string": "DefaultEndpointsProtocol=https;AccountName=cqrscommandstorage;AccountKey=ZI1TMeKAbH/Qzt7jasn9inRBvWYy5hItrNChWpPJGlHakJqV0ZsE5NCOR9ziDk6JKIsk0NqpVISh+AStrFTj4A==;EndpointSuffix=core.windows.net",
            "secondary_dfs_endpoint": null,
            "secondary_dfs_host": null,
            "secondary_file_endpoint": null,
            "secondary_file_host": null,
            "secondary_location": "",
            "secondary_queue_endpoint": null,
            "secondary_queue_host": null,
            "secondary_table_endpoint": null,
            "secondary_table_host": null,
            "secondary_web_endpoint": null,
            "secondary_web_host": null,
            "sftp_enabled": false,
            "share_properties": [
              {
                "cors_rule": [],
                "retention_policy": [
                  {
                    "days": 7
                  }
                ],
                "smb": []
              }
            ],
            "shared_access_key_enabled": true,
            "static_website": [],
            "table_encryption_key_type": "Service",
            "tags": {},
            "timeouts": null
          },
          "sensitive_attributes": [],
          "private": "eyJlMmJmYjczMC1lY2FhLTExZTYtOGY4OC0zNDM2M2JjN2M0YzAiOnsiY3JlYXRlIjozNjAwMDAwMDAwMDAwLCJkZWxldGUiOjM2MDAwMDAwMDAwMDAsInJlYWQiOjMwMDAwMDAwMDAwMCwidXBkYXRlIjozNjAwMDAwMDAwMDAwfSwic2NoZW1hX3ZlcnNpb24iOiIzIn0=",
          "dependencies": [
            "azurerm_resource_group.example"
          ]
        }
      ]
    },
    {
      "mode": "managed",
      "type": "azurerm_storage_account",
      "name": "query",
      "provider": "provider[\"registry.terraform.io/hashicorp/azurerm\"]",
      "instances": [
        {
          "schema_version": 3,
          "attributes": {
            "access_tier": "Hot",
            "account_kind": "StorageV2",
            "account_replication_type": "LRS",
            "account_tier": "Standard",
            "allow_nested_items_to_be_public": true,
            "allowed_copy_scope": "",
            "azure_files_authentication": [],
            "blob_properties": [
              {
                "change_feed_enabled": false,
                "change_feed_retention_in_days": 0,
                "container_delete_retention_policy": [],
                "cors_rule": [],
                "default_service_version": "",
                "delete_retention_policy": [],
                "last_access_time_enabled": false,
                "restore_policy": [],
                "versioning_enabled": false
              }
            ],
            "cross_tenant_replication_enabled": true,
            "custom_domain": [],
            "customer_managed_key": [],
            "default_to_oauth_authentication": false,
            "edge_zone": "",
            "enable_https_traffic_only": true,
            "id": "/subscriptions/d566fc78-dc22-4e5d-9917-e832b5354249/resourceGroups/cqrs-rg/providers/Microsoft.Storage/storageAccounts/cqryquerystorage",
            "identity": [],
            "immutability_policy": [],
            "infrastructure_encryption_enabled": false,
            "is_hns_enabled": false,
            "large_file_share_enabled": null,
            "location": "eastus",
            "min_tls_version": "TLS1_2",
            "name": "cqryquerystorage",
            "network_rules": [
              {
                "bypass": [
                  "AzureServices"
                ],
                "default_action": "Allow",
                "ip_rules": [],
                "private_link_access": [],
                "virtual_network_subnet_ids": []
              }
            ],
            "nfsv3_enabled": false,
            "primary_access_key": "YiMKfT73TDGco7RIrgpCgIzPw/bGDrcpdaYEnX2aNPVvSoLccCpin7KxpHppVgn7JewwMu0sid30+ASt9a7LCg==",
            "primary_blob_connection_string": "DefaultEndpointsProtocol=https;BlobEndpoint=https://cqryquerystorage.blob.core.windows.net/;AccountName=cqryquerystorage;AccountKey=YiMKfT73TDGco7RIrgpCgIzPw/bGDrcpdaYEnX2aNPVvSoLccCpin7KxpHppVgn7JewwMu0sid30+ASt9a7LCg==",
            "primary_blob_endpoint": "https://cqryquerystorage.blob.core.windows.net/",
            "primary_blob_host": "cqryquerystorage.blob.core.windows.net",
            "primary_connection_string": "DefaultEndpointsProtocol=https;AccountName=cqryquerystorage;AccountKey=YiMKfT73TDGco7RIrgpCgIzPw/bGDrcpdaYEnX2aNPVvSoLccCpin7KxpHppVgn7JewwMu0sid30+ASt9a7LCg==;EndpointSuffix=core.windows.net",
            "primary_dfs_endpoint": "https://cqryquerystorage.dfs.core.windows.net/",
            "primary_dfs_host": "cqryquerystorage.dfs.core.windows.net",
            "primary_file_endpoint": "https://cqryquerystorage.file.core.windows.net/",
            "primary_file_host": "cqryquerystorage.file.core.windows.net",
            "primary_location": "eastus",
            "primary_queue_endpoint": "https://cqryquerystorage.queue.core.windows.net/",
            "primary_queue_host": "cqryquerystorage.queue.core.windows.net",
            "primary_table_endpoint": "https://cqryquerystorage.table.core.windows.net/",
            "primary_table_host": "cqryquerystorage.table.core.windows.net",
            "primary_web_endpoint": "https://cqryquerystorage.z13.web.core.windows.net/",
            "primary_web_host": "cqryquerystorage.z13.web.core.windows.net",
            "public_network_access_enabled": true,
            "queue_encryption_key_type": "Service",
            "queue_properties": [
              {
                "cors_rule": [],
                "hour_metrics": [
                  {
                    "enabled": true,
                    "include_apis": true,
                    "retention_policy_days": 7,
                    "version": "1.0"
                  }
                ],
                "logging": [
                  {
                    "delete": false,
                    "read": false,
                    "retention_policy_days": 0,
                    "version": "1.0",
                    "write": false
                  }
                ],
                "minute_metrics": [
                  {
                    "enabled": false,
                    "include_apis": false,
                    "retention_policy_days": 0,
                    "version": "1.0"
                  }
                ]
              }
            ],
            "resource_group_name": "cqrs-rg",
            "routing": [],
            "sas_policy": [],
            "secondary_access_key": "Ysbr4+5Jo40i233+VjLNEa+cNtKu1UTSzWqM3ozUIpcrvC18m6w3iuRnp6nmc7H5lNAz97JTDdEC+AStE4z7kA==",
            "secondary_blob_connection_string": "",
            "secondary_blob_endpoint": null,
            "secondary_blob_host": null,
            "secondary_connection_string": "DefaultEndpointsProtocol=https;AccountName=cqryquerystorage;AccountKey=Ysbr4+5Jo40i233+VjLNEa+cNtKu1UTSzWqM3ozUIpcrvC18m6w3iuRnp6nmc7H5lNAz97JTDdEC+AStE4z7kA==;EndpointSuffix=core.windows.net",
            "secondary_dfs_endpoint": null,
            "secondary_dfs_host": null,
            "secondary_file_endpoint": null,
            "secondary_file_host": null,
            "secondary_location": "",
            "secondary_queue_endpoint": null,
            "secondary_queue_host": null,
            "secondary_table_endpoint": null,
            "secondary_table_host": null,
            "secondary_web_endpoint": null,
            "secondary_web_host": null,
            "sftp_enabled": false,
            "share_properties": [
              {
                "cors_rule": [],
                "retention_policy": [
                  {
                    "days": 7
                  }
                ],
                "smb": []
              }
            ],
            "shared_access_key_enabled": true,
            "static_website": [],
            "table_encryption_key_type": "Service",
            "tags": {},
            "timeouts": null
          },
          "sensitive_attributes": [],
          "private": "eyJlMmJmYjczMC1lY2FhLTExZTYtOGY4OC0zNDM2M2JjN2M0YzAiOnsiY3JlYXRlIjozNjAwMDAwMDAwMDAwLCJkZWxldGUiOjM2MDAwMDAwMDAwMDAsInJlYWQiOjMwMDAwMDAwMDAwMCwidXBkYXRlIjozNjAwMDAwMDAwMDAwfSwic2NoZW1hX3ZlcnNpb24iOiIzIn0=",
          "dependencies": [
            "azurerm_resource_group.example"
          ]
        }
      ]
    }
  ],
  "check_results": null
}
